<?xml version="1.0" encoding="utf-8"?>
<Project ToolsVersion="4.0" xmlns="http://schemas.microsoft.com/developer/msbuild/2003">
  <ItemGroup>
    <Filter Include="Source Files">
      <UniqueIdentifier>{4FC737F1-C7A5-4376-A066-2A32D752A2FF}</UniqueIdentifier>
      <Extensions>cpp;c;cc;cxx;c++;cppm;ixx;def;odl;idl;hpj;bat;asm;asmx</Extensions>
    </Filter>
    <Filter Include="Header Files">
      <UniqueIdentifier>{93995380-89BD-4b04-88EB-625FBE52EBFB}</UniqueIdentifier>
      <Extensions>h;hh;hpp;hxx;h++;hm;inl;inc;ipp;xsd</Extensions>
    </Filter>
    <Filter Include="Resource Files">
      <UniqueIdentifier>{67DA6AB6-F800-4c08-8B7A-83BB121AAD01}</UniqueIdentifier>
      <Extensions>rc;ico;cur;bmp;dlg;rc2;rct;bin;rgs;gif;jpg;jpeg;jpe;resx;tiff;tif;png;wav;mfcribbon-ms</Extensions>
    </Filter>
  </ItemGroup>
  <ItemGroup>
    <ClCompile Include="src\Core\EntryPoint.cpp">
      <Filter>Source Files</Filter>
    </ClCompile>
    <ClCompile Include="src\Core\Application.cpp">
      <Filter>Source Files</Filter>
    </ClCompile>
    <ClCompile Include="src\Render\DirectX11.cpp">
      <Filter>Source Files</Filter>
    </ClCompile>
    <ClCompile Include="src\Render\Overlay.cpp">
      <Filter>Source Files</Filter>
    </ClCompile>
    <ClCompile Include="src\System\DirectX.cpp">
      <Filter>Source Files</Filter>
    </ClCompile>
    <ClCompile Include="src\System\SYSWindow.cpp">
      <Filter>Source Files</Filter>
    </ClCompile>
    <ClCompile Include="vendor\kiero\minhook\src\hde\hde32.c">
      <Filter>Source Files</Filter>
    </ClCompile>
    <ClCompile Include="vendor\kiero\minhook\src\hde\hde64.c">
      <Filter>Source Files</Filter>
    </ClCompile>
    <ClCompile Include="vendor\kiero\minhook\src\buffer.c">
      <Filter>Source Files</Filter>
    </ClCompile>
    <ClCompile Include="vendor\kiero\minhook\src\hook.c">
      <Filter>Source Files</Filter>
    </ClCompile>
    <ClCompile Include="vendor\kiero\minhook\src\trampoline.c">
      <Filter>Source Files</Filter>
    </ClCompile>
    <ClCompile Include="vendor\kiero\kiero.cpp">
      <Filter>Source Files</Filter>
    </ClCompile>
    <ClCompile Include="src\Utils\HookManager.cpp">
      <Filter>Source Files</Filter>
    </ClCompile>
    <ClCompile Include="includes\Types.cpp">
      <Filter>Source Files</Filter>
    </ClCompile>
    <ClCompile Include="src\Utils\Logger\Logger.cpp">
      <Filter>Source Files</Filter>
    </ClCompile>
    <ClCompile Include="vendor\imgui\imgui.cpp">
      <Filter>Source Files</Filter>
    </ClCompile>
    <ClCompile Include="vendor\imgui\imgui_demo.cpp">
      <Filter>Source Files</Filter>
    </ClCompile>
    <ClCompile Include="vendor\imgui\imgui_draw.cpp">
      <Filter>Source Files</Filter>
    </ClCompile>
    <ClCompile Include="vendor\imgui\imgui_impl_dx11.cpp">
      <Filter>Source Files</Filter>
    </ClCompile>
    <ClCompile Include="vendor\imgui\imgui_impl_win32.cpp">
      <Filter>Source Files</Filter>
    </ClCompile>
    <ClCompile Include="vendor\imgui\imgui_tables.cpp">
      <Filter>Source Files</Filter>
    </ClCompile>
    <ClCompile Include="vendor\imgui\imgui_widgets.cpp">
      <Filter>Source Files</Filter>
    </ClCompile>
    <ClCompile Include="includes\unity\backend\main\bExports.cpp">
      <Filter>Source Files</Filter>
    </ClCompile>
    <ClCompile Include="includes\unity\il2cpp\struct\Il2CppAssembly.cpp">
      <Filter>Source Files</Filter>
    </ClCompile>
    <ClCompile Include="includes\unity\il2cpp\struct\Il2CppClass.cpp">
      <Filter>Source Files</Filter>
    </ClCompile>
    <ClCompile Include="includes\unity\il2cpp\struct\Il2CppDomain.cpp">
      <Filter>Source Files</Filter>
    </ClCompile>
    <ClCompile Include="includes\unity\il2cpp\struct\Il2CppField.cpp">
      <Filter>Source Files</Filter>
    </ClCompile>
    <ClCompile Include="includes\unity\il2cpp\struct\Il2CppImage.cpp">
      <Filter>Source Files</Filter>
    </ClCompile>
    <ClCompile Include="includes\unity\il2cpp\struct\Il2CppMethod.cpp">
      <Filter>Source Files</Filter>
    </ClCompile>
    <ClCompile Include="includes\unity\il2cpp\struct\Il2CppObject.cpp">
      <Filter>Source Files</Filter>
    </ClCompile>
    <ClCompile Include="includes\unity\il2cpp\struct\Il2CppString.cpp">
      <Filter>Source Files</Filter>
    </ClCompile>
    <ClCompile Include="includes\unity\il2cpp\struct\Il2CppThread.cpp">
      <Filter>Source Files</Filter>
    </ClCompile>
    <ClCompile Include="includes\unity\il2cpp\il2cpp_utils.cpp">
      <Filter>Source Files</Filter>
    </ClCompile>
    <ClCompile Include="includes\unity\memory.cc">
      <Filter>Source Files</Filter>
    </ClCompile>
    <ClCompile Include="includes\unity\runtime.cc">
      <Filter>Source Files</Filter>
    </ClCompile>
    <ClCompile Include="src\interface\drawing\widgets\Button.cc">
      <Filter>Source Files</Filter>
    </ClCompile>
    <ClCompile Include="src\interface\drawing\widgets\Checkbox.cc">
      <Filter>Source Files</Filter>
    </ClCompile>
    <ClCompile Include="src\interface\drawing\widgets\ColorEdit.cc">
      <Filter>Source Files</Filter>
    </ClCompile>
    <ClCompile Include="src\interface\drawing\widgets\Combo.cc">
      <Filter>Source Files</Filter>
    </ClCompile>
    <ClCompile Include="src\interface\drawing\widgets\DropBox.cc">
      <Filter>Source Files</Filter>
    </ClCompile>
    <ClCompile Include="src\interface\drawing\widgets\InputText.cc">
      <Filter>Source Files</Filter>
    </ClCompile>
    <ClCompile Include="src\interface\drawing\widgets\Listbox.cc">
      <Filter>Source Files</Filter>
    </ClCompile>
    <ClCompile Include="src\interface\drawing\widgets\Particles.cc">
      <Filter>Source Files</Filter>
    </ClCompile>
    <ClCompile Include="src\interface\drawing\widgets\ReorderList.cc">
      <Filter>Source Files</Filter>
    </ClCompile>
    <ClCompile Include="src\interface\drawing\widgets\Scrollbar.cc">
      <Filter>Source Files</Filter>
    </ClCompile>
    <ClCompile Include="src\interface\drawing\widgets\Select.cc">
      <Filter>Source Files</Filter>
    </ClCompile>
    <ClCompile Include="src\interface\drawing\widgets\Slider.cc">
      <Filter>Source Files</Filter>
    </ClCompile>
    <ClCompile Include="src\interface\drawing\widgets\Toast.cc">
      <Filter>Source Files</Filter>
    </ClCompile>
    <ClCompile Include="src\interface\drawing\widgets\Watermark.cc">
      <Filter>Source Files</Filter>
    </ClCompile>
    <ClCompile Include="src\interface\drawing\widgets\Window.cc">
      <Filter>Source Files</Filter>
    </ClCompile>
    <ClCompile Include="src\interface\drawing\helper.cc">
      <Filter>Source Files</Filter>
    </ClCompile>
    <ClCompile Include="src\interface\interface\gui.cc">
      <Filter>Source Files</Filter>
    </ClCompile>
    <ClCompile Include="src\interface\ressources\font\font.cc">
      <Filter>Source Files</Filter>
    </ClCompile>
    <ClCompile Include="src\interface\ressources\font_awesome.cpp">
      <Filter>Source Files</Filter>
    </ClCompile>
    <ClCompile Include="includes\bypass\Bypass.cc">
      <Filter>Source Files</Filter>
    </ClCompile>
    <ClCompile Include="src\utils\CrashHandler.cpp">
      <Filter>Source Files</Filter>
    </ClCompile>
    <ClCompile Include="includes\unity\backend\main\tt_bridge.cpp">
      <Filter>Source Files</Filter>
    </ClCompile>
  </ItemGroup>
  <ItemGroup>
    <ClInclude Include="src\Core\EntryPoint.hpp">
      <Filter>Header Files</Filter>
    </ClInclude>
    <ClInclude Include="src\Core\Application.hpp">
      <Filter>Header Files</Filter>
    </ClInclude>
    <ClInclude Include="src\Render\DirectX11.hpp">
      <Filter>Header Files</Filter>
    </ClInclude>
    <ClInclude Include="src\Render\Overlay.hpp">
      <Filter>Header Files</Filter>
    </ClInclude>
    <ClInclude Include="src\System\DirectX.hpp">
      <Filter>Header Files</Filter>
    </ClInclude>
    <ClInclude Include="src\System\SYSWindow.hpp">
      <Filter>Header Files</Filter>
    </ClInclude>
    <ClInclude Include="vendor\kiero\minhook\include\MinHook.h">
      <Filter>Header Files</Filter>
    </ClInclude>
    <ClInclude Include="vendor\kiero\minhook\src\hde\hde32.h">
      <Filter>Header Files</Filter>
    </ClInclude>
    <ClInclude Include="vendor\kiero\minhook\src\hde\hde64.h">
      <Filter>Header Files</Filter>
    </ClInclude>
    <ClInclude Include="vendor\kiero\minhook\src\hde\pstdint.h">
      <Filter>Header Files</Filter>
    </ClInclude>
    <ClInclude Include="vendor\kiero\minhook\src\hde\table32.h">
      <Filter>Header Files</Filter>
    </ClInclude>
    <ClInclude Include="vendor\kiero\minhook\src\hde\table64.h">
      <Filter>Header Files</Filter>
    </ClInclude>
    <ClInclude Include="vendor\kiero\minhook\src\buffer.h">
      <Filter>Header Files</Filter>
    </ClInclude>
    <ClInclude Include="vendor\kiero\minhook\src\trampoline.h">
      <Filter>Header Files</Filter>
    </ClInclude>
    <ClInclude Include="vendor\kiero\kiero.h">
      <Filter>Header Files</Filter>
    </ClInclude>
    <ClInclude Include="src\Utils\HookManager.hpp">
      <Filter>Header Files</Filter>
    </ClInclude>
    <ClInclude Include="includes\Types.hpp">
      <Filter>Header Files</Filter>
    </ClInclude>
    <ClInclude Include="src\Utils\Logger\Logger.hpp">
      <Filter>Header Files</Filter>
    </ClInclude>
    <ClInclude Include="includes\driver\km.h">
      <Filter>Header Files</Filter>
    </ClInclude>
    <ClInclude Include="includes\driver\shared.h">
      <Filter>Header Files</Filter>
    </ClInclude>
    <ClInclude Include="vendor\imgui\imconfig.h">
      <Filter>Header Files</Filter>
    </ClInclude>
    <ClInclude Include="vendor\imgui\imgui.h">
      <Filter>Header Files</Filter>
    </ClInclude>
    <ClInclude Include="vendor\imgui\imgui_impl_dx11.h">
      <Filter>Header Files</Filter>
    </ClInclude>
    <ClInclude Include="vendor\imgui\imgui_impl_win32.h">
      <Filter>Header Files</Filter>
    </ClInclude>
    <ClInclude Include="vendor\imgui\imgui_internal.h">
      <Filter>Header Files</Filter>
    </ClInclude>
    <ClInclude Include="vendor\imgui\imstb_rectpack.h">
      <Filter>Header Files</Filter>
    </ClInclude>
    <ClInclude Include="vendor\imgui\imstb_textedit.h">
      <Filter>Header Files</Filter>
    </ClInclude>
    <ClInclude Include="vendor\imgui\imstb_truetype.h">
      <Filter>Header Files</Filter>
    </ClInclude>
    <ClInclude Include="includes\unity\backend\main\bExports.h">
      <Filter>Header Files</Filter>
    </ClInclude>
    <ClInclude Include="includes\unity\backend\main\patterns.h">
      <Filter>Header Files</Filter>
    </ClInclude>
    <ClInclude Include="includes\unity\il2cpp\helpers\class.h">
      <Filter>Header Files</Filter>
    </ClInclude>
    <ClInclude Include="includes\unity\il2cpp\helpers\field.h">
      <Filter>Header Files</Filter>
    </ClInclude>
    <ClInclude Include="includes\unity\il2cpp\helpers\helpers.h">
      <Filter>Header Files</Filter>
    </ClInclude>
    <ClInclude Include="includes\unity\il2cpp\helpers\method.h">
      <Filter>Header Files</Filter>
    </ClInclude>
    <ClInclude Include="includes\unity\il2cpp\struct\il2cpp.h">
      <Filter>Header Files</Filter>
    </ClInclude>
    <ClInclude Include="includes\unity\il2cpp\struct\Il2CppAssembly.h">
      <Filter>Header Files</Filter>
    </ClInclude>
    <ClInclude Include="includes\unity\il2cpp\struct\Il2CppClass.h">
      <Filter>Header Files</Filter>
    </ClInclude>
    <ClInclude Include="includes\unity\il2cpp\struct\Il2CppDomain.h">
      <Filter>Header Files</Filter>
    </ClInclude>
    <ClInclude Include="includes\unity\il2cpp\struct\Il2CppField.h">
      <Filter>Header Files</Filter>
    </ClInclude>
    <ClInclude Include="includes\unity\il2cpp\struct\Il2CppImage.h">
      <Filter>Header Files</Filter>
    </ClInclude>
    <ClInclude Include="includes\unity\il2cpp\struct\Il2CppMethod.h">
      <Filter>Header Files</Filter>
    </ClInclude>
    <ClInclude Include="includes\unity\il2cpp\struct\Il2CppObject.h">
      <Filter>Header Files</Filter>
    </ClInclude>
    <ClInclude Include="includes\unity\il2cpp\struct\Il2CppString.h">
      <Filter>Header Files</Filter>
    </ClInclude>
    <ClInclude Include="includes\unity\il2cpp\struct\Il2CppThread.h">
      <Filter>Header Files</Filter>
    </ClInclude>
    <ClInclude Include="includes\unity\il2cpp\il2cpp_utils.h">
      <Filter>Header Files</Filter>
    </ClInclude>
    <ClInclude Include="includes\unity\structs\mono\array.h">
      <Filter>Header Files</Filter>
    </ClInclude>
    <ClInclude Include="includes\unity\structs\mono\mono_structs.h">
      <Filter>Header Files</Filter>
    </ClInclude>
    <ClInclude Include="includes\unity\structs\mono\string.h">
      <Filter>Header Files</Filter>
    </ClInclude>
    <ClInclude Include="includes\unity\structs\unity\matrix.h">
      <Filter>Header Files</Filter>
    </ClInclude>
    <ClInclude Include="includes\unity\structs\unity\quaternion.h">
      <Filter>Header Files</Filter>
    </ClInclude>
    <ClInclude Include="includes\unity\structs\unity\unity_structs.h">
      <Filter>Header Files</Filter>
    </ClInclude>
    <ClInclude Include="includes\unity\structs\unity\vector2.h">
      <Filter>Header Files</Filter>
    </ClInclude>
    <ClInclude Include="includes\unity\structs\unity\vector3.h">
      <Filter>Header Files</Filter>
    </ClInclude>
    <ClInclude Include="includes\unity\memory.hh">
      <Filter>Header Files</Filter>
    </ClInclude>
    <ClInclude Include="includes\unity\runtime.hh">
      <Filter>Header Files</Filter>
    </ClInclude>
    <ClInclude Include="vendor\retspoofer\retspoofer.h">
      <Filter>Header Files</Filter>
    </ClInclude>
    <ClInclude Include="src\interface\drawing\widgets\widgets.hh">
      <Filter>Header Files</Filter>
    </ClInclude>
    <ClInclude Include="src\interface\drawing\helper.hh">
      <Filter>Header Files</Filter>
    </ClInclude>
    <ClInclude Include="src\interface\interface\sets\Colors.hh">
      <Filter>Header Files</Filter>
    </ClInclude>
    <ClInclude Include="src\interface\interface\gui.hh">
      <Filter>Header Files</Filter>
    </ClInclude>
    <ClInclude Include="src\interface\ressources\font\font.hh">
      <Filter>Header Files</Filter>
    </ClInclude>
    <ClInclude Include="src\interface\ressources\font_awesome.h">
      <Filter>Header Files</Filter>
    </ClInclude>
    <ClInclude Include="includes\bypass\Bypass.hh">
      <Filter>Header Files</Filter>
    </ClInclude>
    <ClInclude Include="src\utils\CrashHandler.hpp">
      <Filter>Header Files</Filter>
    </ClInclude>
    <ClInclude Include="src\interface\ressources\data.h">
      <Filter>Header Files</Filter>
    </ClInclude>
    <ClInclude Include="includes\unity\backend\main\tt_bridge.h">
      <Filter>Header Files</Filter>
    </ClInclude>
  </ItemGroup>
  <ItemGroup>
    <None Include="vendor\kiero\minhook\dll_resources\MinHook.def">
      <Filter>Source Files</Filter>
    </None>
    <MasM Include="vendor\retspoofer\retspoofer.asm">
      <Filter>Source Files</Filter>
    </MasM>
  </ItemGroup>
  <ItemGroup>
    <ResourceCompile Include="vendor\kiero\minhook\dll_resources\MinHook.rc">
      <Filter>Resource Files</Filter>
    </ResourceCompile>
  </ItemGroup>
</Project>